
Microsoft Visual Studio Solution File, Format Version 12.00
Project("{FAE04EC0-301F-11D3-BF4B-00C04F79EFBC}") = "task1", "task1.csproj", "{A2742B14-4AF1-4FFA-9A0F-E11D4D08D001}"
EndProject
Global
	GlobalSection(SolutionConfigurationPlatforms) = preSolution
		Debug|Any CPU = Debug|Any CPU
		Release|Any CPU = Release|Any CPU
	EndGlobalSection
	GlobalSection(ProjectConfigurationPlatforms) = postSolution
		{A2742B14-4AF1-4FFA-9A0F-E11D4D08D001}.Debug|Any CPU.ActiveCfg = Debug|Any CPU
		{A2742B14-4AF1-4FFA-9A0F-E11D4D08D001}.Debug|Any CPU.Build.0 = Debug|Any CPU
		{A2742B14-4AF1-4FFA-9A0F-E11D4D08D001}.Release|Any CPU.ActiveCfg = Release|Any CPU
		{A2742B14-4AF1-4FFA-9A0F-E11D4D08D001}.Release|Any CPU.Build.0 = Release|Any CPU
	EndGlobalSection
EndGlobal
